{
  "nodes": {
    "flake-compat": {
      "flake": false,
      "locked": {
        "lastModified": 1606424373,
        "narHash": "sha256-oq8d4//CJOrVj+EcOaSXvMebvuTkmBJuT5tzlfewUnQ=",
        "owner": "edolstra",
        "repo": "flake-compat",
        "rev": "99f1c2157fba4bfe6211a321fd0ee43199025dbf",
        "type": "github"
      },
      "original": {
        "owner": "edolstra",
        "repo": "flake-compat",
        "type": "github"
      }
    },
    "flake-utils": {
      "locked": {
        "lastModified": 1610051610,
        "narHash": "sha256-U9rPz/usA1/Aohhk7Cmc2gBrEEKRzcW4nwPWMPwja4Y=",
        "owner": "numtide",
        "repo": "flake-utils",
        "rev": "3982c9903e93927c2164caa727cd3f6a0e6d14cc",
        "type": "github"
      },
      "original": {
        "owner": "numtide",
        "repo": "flake-utils",
        "type": "github"
      }
    },
    "home-manager": {
      "inputs": {
        "nixpkgs": [
          "nixpkgs"
        ]
      },
      "locked": {
        "lastModified": 1623074835,
        "narHash": "sha256-hSr3YCBE28MoLwW0zcjdZ5KqH3OPmCtcw72k4n4XD14=",
        "owner": "nix-community",
        "repo": "home-manager",
        "rev": "9424f31f86e2fee2e64834e1430ecd31c88da923",
        "type": "github"
      },
      "original": {
        "owner": "nix-community",
        "ref": "master",
        "repo": "home-manager",
        "type": "github"
      }
    },
    "neovim-flake": {
      "inputs": {
        "flake-utils": "flake-utils",
        "nixpkgs": [
          "nixpkgs"
        ]
      },
      "locked": {
        "dir": "contrib",
        "lastModified": 1623003007,
        "narHash": "sha256-nTf/oG5HY0E2y9NqPLx8sam1addka0KHd2YHlbrmb2M=",
        "owner": "neovim",
        "repo": "neovim",
        "rev": "f2906a4669a2eef6d7bf86a29648793d63c98949",
        "type": "github"
      },
      "original": {
        "dir": "contrib",
        "owner": "neovim",
        "repo": "neovim",
        "type": "github"
      }
    },
    "neovim-nightly": {
      "inputs": {
        "flake-compat": "flake-compat",
        "neovim-flake": "neovim-flake",
        "nixpkgs": [
          "nixpkgs"
        ]
      },
      "locked": {
        "lastModified": 1623057523,
        "narHash": "sha256-TMuJZYdq29ObbXBjOzj/ggcjrfrK0GaCL3Nnc2rl/nc=",
        "owner": "nix-community",
        "repo": "neovim-nightly-overlay",
        "rev": "69a010fae35c40df7bef20c686a0b1f96a7e20f1",
        "type": "github"
      },
      "original": {
        "owner": "nix-community",
        "repo": "neovim-nightly-overlay",
        "type": "github"
      }
    },
    "nixGL": {
      "flake": false,
      "locked": {
        "lastModified": 1621410432,
        "narHash": "sha256-OHCtF0HL0E/LNnT8jNeBIpoKTTjvTD5Oo6uQuqVzXAA=",
        "owner": "guibou",
        "repo": "nixGL",
        "rev": "44015623da7bb650060277596ce7ef42018c97d5",
        "type": "github"
      },
      "original": {
        "owner": "guibou",
        "repo": "nixGL",
        "type": "github"
      }
    },
    "nixpkgs": {
      "locked": {
        "lastModified": 1623015308,
        "narHash": "sha256-eBzOlaKr1G60wGaPZJ5GhrAL2ZPaulECeL4bs7/VKYU=",
        "owner": "nixos",
        "repo": "nixpkgs",
        "rev": "ffb7cfcfad15e3bff9d05336767e59ee6ee24cb6",
        "type": "github"
      },
      "original": {
        "owner": "nixos",
        "ref": "nixpkgs-unstable",
        "repo": "nixpkgs",
        "type": "github"
      }
    },
    "nvim-treesitter": {
      "flake": false,
      "locked": {
        "lastModified": 1623019164,
        "narHash": "sha256-KWDwl88D5MNOUN49put5ZMeTQu9/SBw4hRrjC+aVtZo=",
        "owner": "nvim-treesitter",
        "repo": "nvim-treesitter",
        "rev": "37ed50f28f8350de8dc70b56d8ac198aac9b1178",
        "type": "github"
      },
      "original": {
        "owner": "nvim-treesitter",
        "repo": "nvim-treesitter",
        "type": "github"
      }
    },
    "root": {
      "inputs": {
        "home-manager": "home-manager",
        "neovim-nightly": "neovim-nightly",
        "nixGL": "nixGL",
        "nixpkgs": "nixpkgs",
        "nvim-treesitter": "nvim-treesitter"
      }
    }
  },
  "root": "root",
  "version": 7
}
